{
  "name": "test-renovate-bot",
  "version": "1.0.0",
  "lockfileVersion": 1,
  "requires": true,
  "dependencies": {
    "bao-version": {
      "version": "1.0.1",
      "resolved": "https://registry.npmjs.org/bao-version/-/bao-version-1.0.1.tgz",
      "integrity": "sha512-wKcTVSXtuX5iKDTC+xd/cOfqUEvdkuU4lIz4asD6w/s51Fz8RDtBW98vbimoNB3kbpgP907kpvfPbL+BCothRA=="
    }
  }
}
