{
  "name": "test-renovate-bot",
  "version": "1.0.0",
  "lockfileVersion": 1,
  "requires": true,
  "dependencies": {
    "@ducbaovn/sub-lib": {
      "version": "1.0.0",
      "resolved": "http://localhost:4873/@ducbaovn%2fsub-lib/-/sub-lib-1.0.0.tgz",
      "integrity": "sha512-aiR6I2mnqNFkdHafnnp/u9BmUvBYSCJRqV6JCC4UgnKTrqh7sOD6MkhOxAsGDtqajQx3aIQ8MvNb5l9d1iXhhw=="
    }
  }
}
