{
  "name": "test-renovate-bot",
  "version": "1.0.0",
  "lockfileVersion": 1,
  "requires": true,
  "dependencies": {
    "bao-version": {
      "version": "2.0.4",
      "resolved": "https://registry.npmjs.org/bao-version/-/bao-version-2.0.4.tgz",
      "integrity": "sha512-2cPIDKSI8XLWOxr4+vzk90eWdhjPb6QccdzYM48ibV0/5+BT0Ecvsvy9fPAkZOoXTJ0IJFAh8YtAfX5J92tJFA=="
    }
  }
}
